// !$*UTF8*$!
{
	archiveVersion = 1;
	classes = {
	};
	objectVersion = 56;
	objects = {

/* Begin PBXBuildFile section */
		C73B11D12B8D1199001E51BE /* DetailViewController.swift in Sources */ = {isa = PBXBuildFile; fileRef = C73B11D02B8D1199001E51BE /* DetailViewController.swift */; };
		C75940E02B8CF57400CD5EFE /* AppDelegate.swift in Sources */ = {isa = PBXBuildFile; fileRef = C75940DF2B8CF57400CD5EFE /* AppDelegate.swift */; };
		C75940E22B8CF57400CD5EFE /* SceneDelegate.swift in Sources */ = {isa = PBXBuildFile; fileRef = C75940E12B8CF57400CD5EFE /* SceneDelegate.swift */; };
		C75940E42B8CF57400CD5EFE /* HomeViewController.swift in Sources */ = {isa = PBXBuildFile; fileRef = C75940E32B8CF57400CD5EFE /* HomeViewController.swift */; };
		C75940E92B8CF57500CD5EFE /* Assets.xcassets in Resources */ = {isa = PBXBuildFile; fileRef = C75940E82B8CF57500CD5EFE /* Assets.xcassets */; };
		C75940EC2B8CF57500CD5EFE /* LaunchScreen.storyboard in Resources */ = {isa = PBXBuildFile; fileRef = C75940EA2B8CF57500CD5EFE /* LaunchScreen.storyboard */; };
		C75940F62B8CF60D00CD5EFE /* tabBarView.swift in Sources */ = {isa = PBXBuildFile; fileRef = C75940F52B8CF60D00CD5EFE /* tabBarView.swift */; };
		C75940F82B8CF6C200CD5EFE /* SettingsViewController.swift in Sources */ = {isa = PBXBuildFile; fileRef = C75940F72B8CF6C200CD5EFE /* SettingsViewController.swift */; };
		C75940FB2B8CFFE200CD5EFE /* tableCell.swift in Sources */ = {isa = PBXBuildFile; fileRef = C75940FA2B8CFFE200CD5EFE /* tableCell.swift */; };
		C75940FD2B8D013600CD5EFE /* TableModel.swift in Sources */ = {isa = PBXBuildFile; fileRef = C75940FC2B8D013600CD5EFE /* TableModel.swift */; };
/* End PBXBuildFile section */

/* Begin PBXFileReference section */
		C73B11D02B8D1199001E51BE /* DetailViewController.swift */ = {isa = PBXFileReference; lastKnownFileType = sourcecode.swift; path = DetailViewController.swift; sourceTree = "<group>"; };
		C75940DC2B8CF57400CD5EFE /* AnimeRoll.app */ = {isa = PBXFileReference; explicitFileType = wrapper.application; includeInIndex = 0; path = AnimeRoll.app; sourceTree = BUILT_PRODUCTS_DIR; };
		C75940DF2B8CF57400CD5EFE /* AppDelegate.swift */ = {isa = PBXFileReference; lastKnownFileType = sourcecode.swift; path = AppDelegate.swift; sourceTree = "<group>"; };
		C75940E12B8CF57400CD5EFE /* SceneDelegate.swift */ = {isa = PBXFileReference; lastKnownFileType = sourcecode.swift; path = SceneDelegate.swift; sourceTree = "<group>"; };
		C75940E32B8CF57400CD5EFE /* HomeViewController.swift */ = {isa = PBXFileReference; lastKnownFileType = sourcecode.swift; path = HomeViewController.swift; sourceTree = "<group>"; };
		C75940E82B8CF57500CD5EFE /* Assets.xcassets */ = {isa = PBXFileReference; lastKnownFileType = folder.assetcatalog; path = Assets.xcassets; sourceTree = "<group>"; };
		C75940EB2B8CF57500CD5EFE /* Base */ = {isa = PBXFileReference; lastKnownFileType = file.storyboard; name = Base; path = Base.lproj/LaunchScreen.storyboard; sourceTree = "<group>"; };
		C75940ED2B8CF57500CD5EFE /* Info.plist */ = {isa = PBXFileReference; lastKnownFileType = text.plist.xml; path = Info.plist; sourceTree = "<group>"; };
		C75940F52B8CF60D00CD5EFE /* tabBarView.swift */ = {isa = PBXFileReference; lastKnownFileType = sourcecode.swift; path = tabBarView.swift; sourceTree = "<group>"; };
		C75940F72B8CF6C200CD5EFE /* SettingsViewController.swift */ = {isa = PBXFileReference; lastKnownFileType = sourcecode.swift; path = SettingsViewController.swift; sourceTree = "<group>"; };
		C75940FA2B8CFFE200CD5EFE /* tableCell.swift */ = {isa = PBXFileReference; lastKnownFileType = sourcecode.swift; path = tableCell.swift; sourceTree = "<group>"; };
		C75940FC2B8D013600CD5EFE /* TableModel.swift */ = {isa = PBXFileReference; lastKnownFileType = sourcecode.swift; path = TableModel.swift; sourceTree = "<group>"; };
/* End PBXFileReference section */

/* Begin PBXFrameworksBuildPhase section */
		C75940D92B8CF57400CD5EFE /* Frameworks */ = {
			isa = PBXFrameworksBuildPhase;
			buildActionMask = 2147483647;
			files = (
			);
			runOnlyForDeploymentPostprocessing = 0;
		};
/* End PBXFrameworksBuildPhase section */

/* Begin PBXGroup section */
		C75940D32B8CF57400CD5EFE = {
			isa = PBXGroup;
			children = (
				C75940DE2B8CF57400CD5EFE /* AnimeRoll */,
				C75940DD2B8CF57400CD5EFE /* Products */,
			);
			sourceTree = "<group>";
		};
		C75940DD2B8CF57400CD5EFE /* Products */ = {
			isa = PBXGroup;
			children = (
				C75940DC2B8CF57400CD5EFE /* AnimeRoll.app */,
			);
			name = Products;
			sourceTree = "<group>";
		};
		C75940DE2B8CF57400CD5EFE /* AnimeRoll */ = {
			isa = PBXGroup;
			children = (
				C75940DF2B8CF57400CD5EFE /* AppDelegate.swift */,
				C75940E12B8CF57400CD5EFE /* SceneDelegate.swift */,
				C75940F42B8CF5D900CD5EFE /* Views */,
				C75940F92B8CFF9E00CD5EFE /* Cell */,
				C75940F32B8CF5D200CD5EFE /* Model */,
				C75940E82B8CF57500CD5EFE /* Assets.xcassets */,
				C75940EA2B8CF57500CD5EFE /* LaunchScreen.storyboard */,
				C75940ED2B8CF57500CD5EFE /* Info.plist */,
			);
			path = AnimeRoll;
			sourceTree = "<group>";
		};
		C75940F32B8CF5D200CD5EFE /* Model */ = {
			isa = PBXGroup;
			children = (
				C75940FC2B8D013600CD5EFE /* TableModel.swift */,
			);
			path = Model;
			sourceTree = "<group>";
		};
		C75940F42B8CF5D900CD5EFE /* Views */ = {
			isa = PBXGroup;
			children = (
				C75940E32B8CF57400CD5EFE /* HomeViewController.swift */,
				C75940F72B8CF6C200CD5EFE /* SettingsViewController.swift */,
				C73B11D02B8D1199001E51BE /* DetailViewController.swift */,
				C75940F52B8CF60D00CD5EFE /* tabBarView.swift */,
			);
			path = Views;
			sourceTree = "<group>";
		};
		C75940F92B8CFF9E00CD5EFE /* Cell */ = {
			isa = PBXGroup;
			children = (
				C75940FA2B8CFFE200CD5EFE /* tableCell.swift */,
			);
			path = Cell;
			sourceTree = "<group>";
		};
/* End PBXGroup section */

/* Begin PBXNativeTarget section */
		C75940DB2B8CF57400CD5EFE /* AnimeRoll */ = {
			isa = PBXNativeTarget;
			buildConfigurationList = C75940F02B8CF57500CD5EFE /* Build configuration list for PBXNativeTarget "AnimeRoll" */;
			buildPhases = (
				C75940D82B8CF57400CD5EFE /* Sources */,
				C75940D92B8CF57400CD5EFE /* Frameworks */,
				C75940DA2B8CF57400CD5EFE /* Resources */,
			);
			buildRules = (
			);
			dependencies = (
			);
			name = AnimeRoll;
			productName = AnimeRoll;
			productReference = C75940DC2B8CF57400CD5EFE /* AnimeRoll.app */;
			productType = "com.apple.product-type.application";
		};
/* End PBXNativeTarget section */

/* Begin PBXProject section */
		C75940D42B8CF57400CD5EFE /* Project object */ = {
			isa = PBXProject;
			attributes = {
				BuildIndependentTargetsInParallel = 1;
				LastSwiftUpdateCheck = 1520;
				LastUpgradeCheck = 1520;
				TargetAttributes = {
					C75940DB2B8CF57400CD5EFE = {
						CreatedOnToolsVersion = 15.2;
					};
				};
			};
			buildConfigurationList = C75940D72B8CF57400CD5EFE /* Build configuration list for PBXProject "AnimeRoll" */;
			compatibilityVersion = "Xcode 14.0";
			developmentRegion = en;
			hasScannedForEncodings = 0;
			knownRegions = (
				en,
				Base,
			);
			mainGroup = C75940D32B8CF57400CD5EFE;
			productRefGroup = C75940DD2B8CF57400CD5EFE /* Products */;
			projectDirPath = "";
			projectRoot = "";
			targets = (
				C75940DB2B8CF57400CD5EFE /* AnimeRoll */,
			);
		};
/* End PBXProject section */

/* Begin PBXResourcesBuildPhase section */
		C75940DA2B8CF57400CD5EFE /* Resources */ = {
			isa = PBXResourcesBuildPhase;
			buildActionMask = 2147483647;
			files = (
				C75940EC2B8CF57500CD5EFE /* LaunchScreen.storyboard in Resources */,
				C75940E92B8CF57500CD5EFE /* Assets.xcassets in Resources */,
			);
			runOnlyForDeploymentPostprocessing = 0;
		};
/* End PBXResourcesBuildPhase section */

/* Begin PBXSourcesBuildPhase section */
		C75940D82B8CF57400CD5EFE /* Sources */ = {
			isa = PBXSourcesBuildPhase;
			buildActionMask = 2147483647;
			files = (
				C75940FB2B8CFFE200CD5EFE /* tableCell.swift in Sources */,
				C75940E42B8CF57400CD5EFE /* HomeViewController.swift in Sources */,
				C75940E02B8CF57400CD5EFE /* AppDelegate.swift in Sources */,
				C75940F62B8CF60D00CD5EFE /* tabBarView.swift in Sources */,
				C75940F82B8CF6C200CD5EFE /* SettingsViewController.swift in Sources */,
				C75940E22B8CF57400CD5EFE /* SceneDelegate.swift in Sources */,
				C75940FD2B8D013600CD5EFE /* TableModel.swift in Sources */,
				C73B11D12B8D1199001E51BE /* DetailViewController.swift in Sources */,
			);
			runOnlyForDeploymentPostprocessing = 0;
		};
/* End PBXSourcesBuildPhase section */

/* Begin PBXVariantGroup section */
		C75940EA2B8CF57500CD5EFE /* LaunchScreen.storyboard */ = {
			isa = PBXVariantGroup;
			children = (
				C75940EB2B8CF57500CD5EFE /* Base */,
			);
			name = LaunchScreen.storyboard;
			sourceTree = "<group>";
		};
/* End PBXVariantGroup section */

/* Begin XCBuildConfiguration section */
		C75940EE2B8CF57500CD5EFE /* Debug */ = {
			isa = XCBuildConfiguration;
			buildSettings = {
				ALWAYS_SEARCH_USER_PATHS = NO;
				ASSETCATALOG_COMPILER_GENERATE_SWIFT_ASSET_SYMBOL_EXTENSIONS = YES;
				CLANG_ANALYZER_NONNULL = YES;
				CLANG_ANALYZER_NUMBER_OBJECT_CONVERSION = YES_AGGRESSIVE;
				CLANG_CXX_LANGUAGE_STANDARD = "gnu++20";
				CLANG_ENABLE_MODULES = YES;
				CLANG_ENABLE_OBJC_ARC = YES;
				CLANG_ENABLE_OBJC_WEAK = YES;
				CLANG_WARN_BLOCK_CAPTURE_AUTORELEASING = YES;
				CLANG_WARN_BOOL_CONVERSION = YES;
				CLANG_WARN_COMMA = YES;
				CLANG_WARN_CONSTANT_CONVERSION = YES;
				CLANG_WARN_DEPRECATED_OBJC_IMPLEMENTATIONS = YES;
				CLANG_WARN_DIRECT_OBJC_ISA_USAGE = YES_ERROR;
				CLANG_WARN_DOCUMENTATION_COMMENTS = YES;
				CLANG_WARN_EMPTY_BODY = YES;
				CLANG_WARN_ENUM_CONVERSION = YES;
				CLANG_WARN_INFINITE_RECURSION = YES;
				CLANG_WARN_INT_CONVERSION = YES;
				CLANG_WARN_NON_LITERAL_NULL_CONVERSION = YES;
				CLANG_WARN_OBJC_IMPLICIT_RETAIN_SELF = YES;
				CLANG_WARN_OBJC_LITERAL_CONVERSION = YES;
				CLANG_WARN_OBJC_ROOT_CLASS = YES_ERROR;
				CLANG_WARN_QUOTED_INCLUDE_IN_FRAMEWORK_HEADER = YES;
				CLANG_WARN_RANGE_LOOP_ANALYSIS = YES;
				CLANG_WARN_STRICT_PROTOTYPES = YES;
				CLANG_WARN_SUSPICIOUS_MOVE = YES;
				CLANG_WARN_UNGUARDED_AVAILABILITY = YES_AGGRESSIVE;
				CLANG_WARN_UNREACHABLE_CODE = YES;
				CLANG_WARN__DUPLICATE_METHOD_MATCH = YES;
				COPY_PHASE_STRIP = NO;
				DEBUG_INFORMATION_FORMAT = dwarf;
				ENABLE_STRICT_OBJC_MSGSEND = YES;
				ENABLE_TESTABILITY = YES;
				ENABLE_USER_SCRIPT_SANDBOXING = YES;
				GCC_C_LANGUAGE_STANDARD = gnu17;
				GCC_DYNAMIC_NO_PIC = NO;
				GCC_NO_COMMON_BLOCKS = YES;
				GCC_OPTIMIZATION_LEVEL = 0;
				GCC_PREPROCESSOR_DEFINITIONS = (
					"DEBUG=1",
					"$(inherited)",
				);
				GCC_WARN_64_TO_32_BIT_CONVERSION = YES;
				GCC_WARN_ABOUT_RETURN_TYPE = YES_ERROR;
				GCC_WARN_UNDECLARED_SELECTOR = YES;
				GCC_WARN_UNINITIALIZED_AUTOS = YES_AGGRESSIVE;
				GCC_WARN_UNUSED_FUNCTION = YES;
				GCC_WARN_UNUSED_VARIABLE = YES;
				IPHONEOS_DEPLOYMENT_TARGET = 17.2;
				LOCALIZATION_PREFERS_STRING_CATALOGS = YES;
				MTL_ENABLE_DEBUG_INFO = INCLUDE_SOURCE;
				MTL_FAST_MATH = YES;
				ONLY_ACTIVE_ARCH = YES;
				SDKROOT = iphoneos;
				SWIFT_ACTIVE_COMPILATION_CONDITIONS = "DEBUG $(inherited)";
				SWIFT_OPTIMIZATION_LEVEL = "-Onone";
			};
			name = Debug;
		};
		C75940EF2B8CF57500CD5EFE /* Release */ = {
			isa = XCBuildConfiguration;
			buildSettings = {
				ALWAYS_SEARCH_USER_PATHS = NO;
				ASSETCATALOG_COMPILER_GENERATE_SWIFT_ASSET_SYMBOL_EXTENSIONS = YES;
				CLANG_ANALYZER_NONNULL = YES;
				CLANG_ANALYZER_NUMBER_OBJECT_CONVERSION = YES_AGGRESSIVE;
				CLANG_CXX_LANGUAGE_STANDARD = "gnu++20";
				CLANG_ENABLE_MODULES = YES;
				CLANG_ENABLE_OBJC_ARC = YES;
				CLANG_ENABLE_OBJC_WEAK = YES;
				CLANG_WARN_BLOCK_CAPTURE_AUTORELEASING = YES;
				CLANG_WARN_BOOL_CONVERSION = YES;
				CLANG_WARN_COMMA = YES;
				CLANG_WARN_CONSTANT_CONVERSION = YES;
				CLANG_WARN_DEPRECATED_OBJC_IMPLEMENTATIONS = YES;
				CLANG_WARN_DIRECT_OBJC_ISA_USAGE = YES_ERROR;
				CLANG_WARN_DOCUMENTATION_COMMENTS = YES;
				CLANG_WARN_EMPTY_BODY = YES;
				CLANG_WARN_ENUM_CONVERSION = YES;
				CLANG_WARN_INFINITE_RECURSION = YES;
				CLANG_WARN_INT_CONVERSION = YES;
				CLANG_WARN_NON_LITERAL_NULL_CONVERSION = YES;
				CLANG_WARN_OBJC_IMPLICIT_RETAIN_SELF = YES;
				CLANG_WARN_OBJC_LITERAL_CONVERSION = YES;
				CLANG_WARN_OBJC_ROOT_CLASS = YES_ERROR;
				CLANG_WARN_QUOTED_INCLUDE_IN_FRAMEWORK_HEADER = YES;
				CLANG_WARN_RANGE_LOOP_ANALYSIS = YES;
				CLANG_WARN_STRICT_PROTOTYPES = YES;
				CLANG_WARN_SUSPICIOUS_MOVE = YES;
				CLANG_WARN_UNGUARDED_AVAILABILITY = YES_AGGRESSIVE;
				CLANG_WARN_UNREACHABLE_CODE = YES;
				CLANG_WARN__DUPLICATE_METHOD_MATCH = YES;
				COPY_PHASE_STRIP = NO;
				DEBUG_INFORMATION_FORMAT = "dwarf-with-dsym";
				ENABLE_NS_ASSERTIONS = NO;
				ENABLE_STRICT_OBJC_MSGSEND = YES;
				ENABLE_USER_SCRIPT_SANDBOXING = YES;
				GCC_C_LANGUAGE_STANDARD = gnu17;
				GCC_NO_COMMON_BLOCKS = YES;
				GCC_WARN_64_TO_32_BIT_CONVERSION = YES;
				GCC_WARN_ABOUT_RETURN_TYPE = YES_ERROR;
				GCC_WARN_UNDECLARED_SELECTOR = YES;
				GCC_WARN_UNINITIALIZED_AUTOS = YES_AGGRESSIVE;
				GCC_WARN_UNUSED_FUNCTION = YES;
				GCC_WARN_UNUSED_VARIABLE = YES;
				IPHONEOS_DEPLOYMENT_TARGET = 17.2;
				LOCALIZATION_PREFERS_STRING_CATALOGS = YES;
				MTL_ENABLE_DEBUG_INFO = NO;
				MTL_FAST_MATH = YES;
				SDKROOT = iphoneos;
				SWIFT_COMPILATION_MODE = wholemodule;
				VALIDATE_PRODUCT = YES;
			};
			name = Release;
		};
		C75940F12B8CF57500CD5EFE /* Debug */ = {
			isa = XCBuildConfiguration;
			buildSettings = {
				ASSETCATALOG_COMPILER_APPICON_NAME = AppIcon;
				ASSETCATALOG_COMPILER_GLOBAL_ACCENT_COLOR_NAME = AccentColor;
				CODE_SIGN_STYLE = Automatic;
				CURRENT_PROJECT_VERSION = 1;
				DEVELOPMENT_TEAM = ZTRB6BXZN6;
				GENERATE_INFOPLIST_FILE = YES;
				INFOPLIST_FILE = AnimeRoll/Info.plist;
				INFOPLIST_KEY_UIApplicationSupportsIndirectInputEvents = YES;
				INFOPLIST_KEY_UILaunchStoryboardName = LaunchScreen;
				INFOPLIST_KEY_UISupportedInterfaceOrientations_iPad = "UIInterfaceOrientationPortrait UIInterfaceOrientationPortraitUpsideDown UIInterfaceOrientationLandscapeLeft UIInterfaceOrientationLandscapeRight";
				INFOPLIST_KEY_UISupportedInterfaceOrientations_iPhone = "UIInterfaceOrientationPortrait UIInterfaceOrientationLandscapeLeft UIInterfaceOrientationLandscapeRight";
				LD_RUNPATH_SEARCH_PATHS = (
					"$(inherited)",
					"@executable_path/Frameworks",
				);
				MARKETING_VERSION = 1.0;
				PRODUCT_BUNDLE_IDENTIFIER = com.shakirkadirov.AnimeRoll;
				PRODUCT_NAME = "$(TARGET_NAME)";
				SWIFT_EMIT_LOC_STRINGS = YES;
				SWIFT_VERSION = 5.0;
				TARGETED_DEVICE_FAMILY = "1,2";
			};
			name = Debug;
		};
		C75940F22B8CF57500CD5EFE /* Release */ = {
			isa = XCBuildConfiguration;
			buildSettings = {
				ASSETCATALOG_COMPILER_APPICON_NAME = AppIcon;
				ASSETCATALOG_COMPILER_GLOBAL_ACCENT_COLOR_NAME = AccentColor;
				CODE_SIGN_STYLE = Automatic;
				CURRENT_PROJECT_VERSION = 1;
				DEVELOPMENT_TEAM = ZTRB6BXZN6;
				GENERATE_INFOPLIST_FILE = YES;
				INFOPLIST_FILE = AnimeRoll/Info.plist;
				INFOPLIST_KEY_UIApplicationSupportsIndirectInputEvents = YES;
				INFOPLIST_KEY_UILaunchStoryboardName = LaunchScreen;
				INFOPLIST_KEY_UISupportedInterfaceOrientations_iPad = "UIInterfaceOrientationPortrait UIInterfaceOrientationPortraitUpsideDown UIInterfaceOrientationLandscapeLeft UIInterfaceOrientationLandscapeRight";
				INFOPLIST_KEY_UISupportedInterfaceOrientations_iPhone = "UIInterfaceOrientationPortrait UIInterfaceOrientationLandscapeLeft UIInterfaceOrientationLandscapeRight";
				LD_RUNPATH_SEARCH_PATHS = (
					"$(inherited)",
					"@executable_path/Frameworks",
				);
				MARKETING_VERSION = 1.0;
				PRODUCT_BUNDLE_IDENTIFIER = com.shakirkadirov.AnimeRoll;
				PRODUCT_NAME = "$(TARGET_NAME)";
				SWIFT_EMIT_LOC_STRINGS = YES;
				SWIFT_VERSION = 5.0;
				TARGETED_DEVICE_FAMILY = "1,2";
			};
			name = Release;
		};
/* End XCBuildConfiguration section */

/* Begin XCConfigurationList section */
		C75940D72B8CF57400CD5EFE /* Build configuration list for PBXProject "AnimeRoll" */ = {
			isa = XCConfigurationList;
			buildConfigurations = (
				C75940EE2B8CF57500CD5EFE /* Debug */,
				C75940EF2B8CF57500CD5EFE /* Release */,
			);
			defaultConfigurationIsVisible = 0;
			defaultConfigurationName = Release;
		};
		C75940F02B8CF57500CD5EFE /* Build configuration list for PBXNativeTarget "AnimeRoll" */ = {
			isa = XCConfigurationList;
			buildConfigurations = (
				C75940F12B8CF57500CD5EFE /* Debug */,
				C75940F22B8CF57500CD5EFE /* Release */,
			);
			defaultConfigurationIsVisible = 0;
			defaultConfigurationName = Release;
		};
/* End XCConfigurationList section */
	};
	rootObject = C75940D42B8CF57400CD5EFE /* Project object */;
}
